
Microsoft Visual Studio Solution File, Format Version 12.00
# Visual Studio 15
VisualStudioVersion = 15.0.27703.2047
MinimumVisualStudioVersion = 10.0.40219.1
Project("{FAE04EC0-301F-11D3-BF4B-00C04F79EFBC}") = "Ejercicio_44", "Ejercicio_44\Ejercicio_44.csproj", "{7B407A6C-21FF-4689-B3A4-5A954E22DF42}"
EndProject
Project("{FAE04EC0-301F-11D3-BF4B-00C04F79EFBC}") = "Ejercicio_44_Libreria", "Ejercicio_44_Libreria\Ejercicio_44_Libreria.csproj", "{4D56D05B-1F88-43E3-99BA-5ED5BB8BF0C7}"
EndProject
Project("{FAE04EC0-301F-11D3-BF4B-00C04F79EFBC}") = "Ejercicio_44_Test", "Ejercicio_44_Test\Ejercicio_44_Test.csproj", "{EF3E7F20-8266-4DDC-B0AB-3B481D04EA6C}"
EndProject
Project("{FAE04EC0-301F-11D3-BF4B-00C04F79EFBC}") = "Ejercicio_45", "Ejercicio_45\Ejercicio_45.csproj", "{39D94611-C489-4939-AB30-BCB0FE3C6317}"
EndProject
Project("{FAE04EC0-301F-11D3-BF4B-00C04F79EFBC}") = "Ejercicio_45_Test", "Ejercicio_45_Test\Ejercicio_45_Test.csproj", "{8D4BB47B-E231-4E6E-BEB9-8B54201B1057}"
EndProject
Project("{FAE04EC0-301F-11D3-BF4B-00C04F79EFBC}") = "Ejercicio_46_Test", "Ejercicio_46_Test\Ejercicio_46_Test.csproj", "{F804D587-D8F8-4A09-A668-91891D3209C9}"
EndProject
Project("{FAE04EC0-301F-11D3-BF4B-00C04F79EFBC}") = "Ejercicio_46_Libreria", "Ejercicio_46_Libreria\Ejercicio_46_Libreria.csproj", "{CB0845D5-5F3E-4172-AFA6-A3AE10C5CEE9}"
EndProject
Project("{FAE04EC0-301F-11D3-BF4B-00C04F79EFBC}") = "Ejercicio_46", "Ejercicio_46\Ejercicio_46.csproj", "{E967300B-E227-4087-87E3-C4F7B71DDFFB}"
EndProject
Global
	GlobalSection(SolutionConfigurationPlatforms) = preSolution
		Debug|Any CPU = Debug|Any CPU
		Release|Any CPU = Release|Any CPU
	EndGlobalSection
	GlobalSection(ProjectConfigurationPlatforms) = postSolution
		{7B407A6C-21FF-4689-B3A4-5A954E22DF42}.Debug|Any CPU.ActiveCfg = Debug|Any CPU
		{7B407A6C-21FF-4689-B3A4-5A954E22DF42}.Debug|Any CPU.Build.0 = Debug|Any CPU
		{7B407A6C-21FF-4689-B3A4-5A954E22DF42}.Release|Any CPU.ActiveCfg = Release|Any CPU
		{7B407A6C-21FF-4689-B3A4-5A954E22DF42}.Release|Any CPU.Build.0 = Release|Any CPU
		{4D56D05B-1F88-43E3-99BA-5ED5BB8BF0C7}.Debug|Any CPU.ActiveCfg = Debug|Any CPU
		{4D56D05B-1F88-43E3-99BA-5ED5BB8BF0C7}.Debug|Any CPU.Build.0 = Debug|Any CPU
		{4D56D05B-1F88-43E3-99BA-5ED5BB8BF0C7}.Release|Any CPU.ActiveCfg = Release|Any CPU
		{4D56D05B-1F88-43E3-99BA-5ED5BB8BF0C7}.Release|Any CPU.Build.0 = Release|Any CPU
		{EF3E7F20-8266-4DDC-B0AB-3B481D04EA6C}.Debug|Any CPU.ActiveCfg = Debug|Any CPU
		{EF3E7F20-8266-4DDC-B0AB-3B481D04EA6C}.Debug|Any CPU.Build.0 = Debug|Any CPU
		{EF3E7F20-8266-4DDC-B0AB-3B481D04EA6C}.Release|Any CPU.ActiveCfg = Release|Any CPU
		{EF3E7F20-8266-4DDC-B0AB-3B481D04EA6C}.Release|Any CPU.Build.0 = Release|Any CPU
		{39D94611-C489-4939-AB30-BCB0FE3C6317}.Debug|Any CPU.ActiveCfg = Debug|Any CPU
		{39D94611-C489-4939-AB30-BCB0FE3C6317}.Debug|Any CPU.Build.0 = Debug|Any CPU
		{39D94611-C489-4939-AB30-BCB0FE3C6317}.Release|Any CPU.ActiveCfg = Release|Any CPU
		{39D94611-C489-4939-AB30-BCB0FE3C6317}.Release|Any CPU.Build.0 = Release|Any CPU
		{8D4BB47B-E231-4E6E-BEB9-8B54201B1057}.Debug|Any CPU.ActiveCfg = Debug|Any CPU
		{8D4BB47B-E231-4E6E-BEB9-8B54201B1057}.Debug|Any CPU.Build.0 = Debug|Any CPU
		{8D4BB47B-E231-4E6E-BEB9-8B54201B1057}.Release|Any CPU.ActiveCfg = Release|Any CPU
		{8D4BB47B-E231-4E6E-BEB9-8B54201B1057}.Release|Any CPU.Build.0 = Release|Any CPU
		{F804D587-D8F8-4A09-A668-91891D3209C9}.Debug|Any CPU.ActiveCfg = Debug|Any CPU
		{F804D587-D8F8-4A09-A668-91891D3209C9}.Debug|Any CPU.Build.0 = Debug|Any CPU
		{F804D587-D8F8-4A09-A668-91891D3209C9}.Release|Any CPU.ActiveCfg = Release|Any CPU
		{F804D587-D8F8-4A09-A668-91891D3209C9}.Release|Any CPU.Build.0 = Release|Any CPU
		{CB0845D5-5F3E-4172-AFA6-A3AE10C5CEE9}.Debug|Any CPU.ActiveCfg = Debug|Any CPU
		{CB0845D5-5F3E-4172-AFA6-A3AE10C5CEE9}.Debug|Any CPU.Build.0 = Debug|Any CPU
		{CB0845D5-5F3E-4172-AFA6-A3AE10C5CEE9}.Release|Any CPU.ActiveCfg = Release|Any CPU
		{CB0845D5-5F3E-4172-AFA6-A3AE10C5CEE9}.Release|Any CPU.Build.0 = Release|Any CPU
		{E967300B-E227-4087-87E3-C4F7B71DDFFB}.Debug|Any CPU.ActiveCfg = Debug|Any CPU
		{E967300B-E227-4087-87E3-C4F7B71DDFFB}.Debug|Any CPU.Build.0 = Debug|Any CPU
		{E967300B-E227-4087-87E3-C4F7B71DDFFB}.Release|Any CPU.ActiveCfg = Release|Any CPU
		{E967300B-E227-4087-87E3-C4F7B71DDFFB}.Release|Any CPU.Build.0 = Release|Any CPU
	EndGlobalSection
	GlobalSection(SolutionProperties) = preSolution
		HideSolutionNode = FALSE
	EndGlobalSection
	GlobalSection(ExtensibilityGlobals) = postSolution
		SolutionGuid = {44004481-ED66-46DD-A669-DAC14AF51D90}
	EndGlobalSection
EndGlobal
