
Microsoft Visual Studio Solution File, Format Version 12.00
# Visual Studio 2012
Project("{FAE04EC0-301F-11D3-BF4B-00C04F79EFBC}") = "Ejercicio_01", "Ejercicios en casa\Ejercicio_01.csproj", "{214B5EEE-AC10-4FB9-A60B-5022F81F7BD8}"
EndProject
Project("{FAE04EC0-301F-11D3-BF4B-00C04F79EFBC}") = "Ejercicio_02", "Ejercicio_02\Ejercicio_02.csproj", "{ED6272CA-61FA-43B7-8176-3B9ABE093212}"
EndProject
Project("{FAE04EC0-301F-11D3-BF4B-00C04F79EFBC}") = "Ejercicio_03", "Ejercicio_03\Ejercicio_03.csproj", "{558EFB02-A058-487D-9731-8379E8A7BA7F}"
EndProject
Project("{FAE04EC0-301F-11D3-BF4B-00C04F79EFBC}") = "Ejercicio_04", "Ejercicio_04\Ejercicio_04.csproj", "{5B6D2F87-F351-425C-A9CE-E1DB3395F2EA}"
EndProject
Project("{FAE04EC0-301F-11D3-BF4B-00C04F79EFBC}") = "Ejercicio_05", "Ejercicio_05\Ejercicio_05.csproj", "{96CDA4C3-5750-4C83-AA17-9294BF109EBD}"
EndProject
Project("{FAE04EC0-301F-11D3-BF4B-00C04F79EFBC}") = "Ejercicio_06", "Ejercicio_06\Ejercicio_06.csproj", "{BE506FCA-3A7B-45FC-83F9-85357A31CADF}"
EndProject
Project("{FAE04EC0-301F-11D3-BF4B-00C04F79EFBC}") = "Ejercicio_09", "Ejercicio_09\Ejercicio_09.csproj", "{230C0298-A44B-4FD8-B382-1C73F2F1F8F8}"
EndProject
Project("{FAE04EC0-301F-11D3-BF4B-00C04F79EFBC}") = "Ejercicio_10", "Ejercicio_10\Ejercicio_10.csproj", "{3A1D8C45-3E72-42EB-98C5-F980E39EF18C}"
EndProject
Project("{FAE04EC0-301F-11D3-BF4B-00C04F79EFBC}") = "Ejercicio_11", "Ejercicio_11\Ejercicio_11.csproj", "{1F5A5917-23A9-4D1F-AD8D-F74C71886313}"
EndProject
Project("{FAE04EC0-301F-11D3-BF4B-00C04F79EFBC}") = "Ejercicio_16", "Ejercicio_16\Ejercicio_16.csproj", "{E37D6CF1-A12A-41A2-AA4B-0977EC4DDAF9}"
EndProject
Project("{FAE04EC0-301F-11D3-BF4B-00C04F79EFBC}") = "Ejercicio_07", "Ejercicio_07\Ejercicio_07.csproj", "{D5D92982-79B4-471B-ACF4-CEAB0D1F3099}"
EndProject
Project("{FAE04EC0-301F-11D3-BF4B-00C04F79EFBC}") = "Ejercicio_08", "Ejercicio_08\Ejercicio_08.csproj", "{67EB9E59-EDF9-4B49-9FAF-745E49D89EFF}"
EndProject
Project("{FAE04EC0-301F-11D3-BF4B-00C04F79EFBC}") = "Ejercicio_12", "Ejercicio_12\Ejercicio_12.csproj", "{46F9D72F-8618-4398-AC3B-397379B81D52}"
EndProject
Project("{FAE04EC0-301F-11D3-BF4B-00C04F79EFBC}") = "Ejercicio_14", "Ejercicio_14\Ejercicio_14.csproj", "{0FCA5205-9C8D-4DF8-B520-CE11F217AD33}"
EndProject
Project("{FAE04EC0-301F-11D3-BF4B-00C04F79EFBC}") = "Ejercicio_15", "Ejercicio_15\Ejercicio_15.csproj", "{1CBEAC3F-738F-4544-913F-16A8F6502218}"
EndProject
Project("{FAE04EC0-301F-11D3-BF4B-00C04F79EFBC}") = "Ejercicio_17", "Ejercicio_17\Ejercicio_17.csproj", "{4D23B8DC-811A-4782-8CC2-40B9DB9289D5}"
EndProject
Project("{FAE04EC0-301F-11D3-BF4B-00C04F79EFBC}") = "Ejercicio_19", "Ejercicio_19\Ejercicio_19.csproj", "{6E5549FB-4075-449D-ADEF-6995AF0ED7F2}"
EndProject
Project("{FAE04EC0-301F-11D3-BF4B-00C04F79EFBC}") = "Ejercicio_18", "Ejercicio_18\Ejercicio_18.csproj", "{31CBFE0C-B880-47C9-9853-A4E3B312CA27}"
EndProject
Project("{FAE04EC0-301F-11D3-BF4B-00C04F79EFBC}") = "Ejercicio_20", "Ejercicio_20\Ejercicio_20.csproj", "{529ED045-1C83-4857-B492-180868E7E4E4}"
EndProject
Project("{FAE04EC0-301F-11D3-BF4B-00C04F79EFBC}") = "Ejercicio_23", "Ejercicio_23\Ejercicio_23.csproj", "{9DC16609-16E6-4F1D-ADCE-0442D24DE73E}"
EndProject
Project("{FAE04EC0-301F-11D3-BF4B-00C04F79EFBC}") = "Ejercicio_23Form", "ConversorDinero\Ejercicio_23Form.csproj", "{F65271A4-DE0B-49DF-A2C0-70B5AE2F8F12}"
EndProject
Project("{FAE04EC0-301F-11D3-BF4B-00C04F79EFBC}") = "Ejercicio_26", "Ejercicio_26\Ejercicio_26.csproj", "{582E9BFC-5329-4E8A-8DBB-3E32ABE392A4}"
EndProject
Global
	GlobalSection(SolutionConfigurationPlatforms) = preSolution
		Debug|Any CPU = Debug|Any CPU
		Release|Any CPU = Release|Any CPU
	EndGlobalSection
	GlobalSection(ProjectConfigurationPlatforms) = postSolution
		{214B5EEE-AC10-4FB9-A60B-5022F81F7BD8}.Debug|Any CPU.ActiveCfg = Debug|Any CPU
		{214B5EEE-AC10-4FB9-A60B-5022F81F7BD8}.Debug|Any CPU.Build.0 = Debug|Any CPU
		{214B5EEE-AC10-4FB9-A60B-5022F81F7BD8}.Release|Any CPU.ActiveCfg = Release|Any CPU
		{214B5EEE-AC10-4FB9-A60B-5022F81F7BD8}.Release|Any CPU.Build.0 = Release|Any CPU
		{ED6272CA-61FA-43B7-8176-3B9ABE093212}.Debug|Any CPU.ActiveCfg = Debug|Any CPU
		{ED6272CA-61FA-43B7-8176-3B9ABE093212}.Debug|Any CPU.Build.0 = Debug|Any CPU
		{ED6272CA-61FA-43B7-8176-3B9ABE093212}.Release|Any CPU.ActiveCfg = Release|Any CPU
		{ED6272CA-61FA-43B7-8176-3B9ABE093212}.Release|Any CPU.Build.0 = Release|Any CPU
		{558EFB02-A058-487D-9731-8379E8A7BA7F}.Debug|Any CPU.ActiveCfg = Debug|Any CPU
		{558EFB02-A058-487D-9731-8379E8A7BA7F}.Debug|Any CPU.Build.0 = Debug|Any CPU
		{558EFB02-A058-487D-9731-8379E8A7BA7F}.Release|Any CPU.ActiveCfg = Release|Any CPU
		{558EFB02-A058-487D-9731-8379E8A7BA7F}.Release|Any CPU.Build.0 = Release|Any CPU
		{5B6D2F87-F351-425C-A9CE-E1DB3395F2EA}.Debug|Any CPU.ActiveCfg = Debug|Any CPU
		{5B6D2F87-F351-425C-A9CE-E1DB3395F2EA}.Debug|Any CPU.Build.0 = Debug|Any CPU
		{5B6D2F87-F351-425C-A9CE-E1DB3395F2EA}.Release|Any CPU.ActiveCfg = Release|Any CPU
		{5B6D2F87-F351-425C-A9CE-E1DB3395F2EA}.Release|Any CPU.Build.0 = Release|Any CPU
		{96CDA4C3-5750-4C83-AA17-9294BF109EBD}.Debug|Any CPU.ActiveCfg = Debug|Any CPU
		{96CDA4C3-5750-4C83-AA17-9294BF109EBD}.Debug|Any CPU.Build.0 = Debug|Any CPU
		{96CDA4C3-5750-4C83-AA17-9294BF109EBD}.Release|Any CPU.ActiveCfg = Release|Any CPU
		{96CDA4C3-5750-4C83-AA17-9294BF109EBD}.Release|Any CPU.Build.0 = Release|Any CPU
		{BE506FCA-3A7B-45FC-83F9-85357A31CADF}.Debug|Any CPU.ActiveCfg = Debug|Any CPU
		{BE506FCA-3A7B-45FC-83F9-85357A31CADF}.Debug|Any CPU.Build.0 = Debug|Any CPU
		{BE506FCA-3A7B-45FC-83F9-85357A31CADF}.Release|Any CPU.ActiveCfg = Release|Any CPU
		{BE506FCA-3A7B-45FC-83F9-85357A31CADF}.Release|Any CPU.Build.0 = Release|Any CPU
		{230C0298-A44B-4FD8-B382-1C73F2F1F8F8}.Debug|Any CPU.ActiveCfg = Debug|Any CPU
		{230C0298-A44B-4FD8-B382-1C73F2F1F8F8}.Debug|Any CPU.Build.0 = Debug|Any CPU
		{230C0298-A44B-4FD8-B382-1C73F2F1F8F8}.Release|Any CPU.ActiveCfg = Release|Any CPU
		{230C0298-A44B-4FD8-B382-1C73F2F1F8F8}.Release|Any CPU.Build.0 = Release|Any CPU
		{3A1D8C45-3E72-42EB-98C5-F980E39EF18C}.Debug|Any CPU.ActiveCfg = Debug|Any CPU
		{3A1D8C45-3E72-42EB-98C5-F980E39EF18C}.Debug|Any CPU.Build.0 = Debug|Any CPU
		{3A1D8C45-3E72-42EB-98C5-F980E39EF18C}.Release|Any CPU.ActiveCfg = Release|Any CPU
		{3A1D8C45-3E72-42EB-98C5-F980E39EF18C}.Release|Any CPU.Build.0 = Release|Any CPU
		{1F5A5917-23A9-4D1F-AD8D-F74C71886313}.Debug|Any CPU.ActiveCfg = Debug|Any CPU
		{1F5A5917-23A9-4D1F-AD8D-F74C71886313}.Debug|Any CPU.Build.0 = Debug|Any CPU
		{1F5A5917-23A9-4D1F-AD8D-F74C71886313}.Release|Any CPU.ActiveCfg = Release|Any CPU
		{1F5A5917-23A9-4D1F-AD8D-F74C71886313}.Release|Any CPU.Build.0 = Release|Any CPU
		{E37D6CF1-A12A-41A2-AA4B-0977EC4DDAF9}.Debug|Any CPU.ActiveCfg = Debug|Any CPU
		{E37D6CF1-A12A-41A2-AA4B-0977EC4DDAF9}.Debug|Any CPU.Build.0 = Debug|Any CPU
		{E37D6CF1-A12A-41A2-AA4B-0977EC4DDAF9}.Release|Any CPU.ActiveCfg = Release|Any CPU
		{E37D6CF1-A12A-41A2-AA4B-0977EC4DDAF9}.Release|Any CPU.Build.0 = Release|Any CPU
		{D5D92982-79B4-471B-ACF4-CEAB0D1F3099}.Debug|Any CPU.ActiveCfg = Debug|Any CPU
		{D5D92982-79B4-471B-ACF4-CEAB0D1F3099}.Debug|Any CPU.Build.0 = Debug|Any CPU
		{D5D92982-79B4-471B-ACF4-CEAB0D1F3099}.Release|Any CPU.ActiveCfg = Release|Any CPU
		{D5D92982-79B4-471B-ACF4-CEAB0D1F3099}.Release|Any CPU.Build.0 = Release|Any CPU
		{67EB9E59-EDF9-4B49-9FAF-745E49D89EFF}.Debug|Any CPU.ActiveCfg = Debug|Any CPU
		{67EB9E59-EDF9-4B49-9FAF-745E49D89EFF}.Debug|Any CPU.Build.0 = Debug|Any CPU
		{67EB9E59-EDF9-4B49-9FAF-745E49D89EFF}.Release|Any CPU.ActiveCfg = Release|Any CPU
		{67EB9E59-EDF9-4B49-9FAF-745E49D89EFF}.Release|Any CPU.Build.0 = Release|Any CPU
		{46F9D72F-8618-4398-AC3B-397379B81D52}.Debug|Any CPU.ActiveCfg = Debug|Any CPU
		{46F9D72F-8618-4398-AC3B-397379B81D52}.Debug|Any CPU.Build.0 = Debug|Any CPU
		{46F9D72F-8618-4398-AC3B-397379B81D52}.Release|Any CPU.ActiveCfg = Release|Any CPU
		{46F9D72F-8618-4398-AC3B-397379B81D52}.Release|Any CPU.Build.0 = Release|Any CPU
		{0FCA5205-9C8D-4DF8-B520-CE11F217AD33}.Debug|Any CPU.ActiveCfg = Debug|Any CPU
		{0FCA5205-9C8D-4DF8-B520-CE11F217AD33}.Debug|Any CPU.Build.0 = Debug|Any CPU
		{0FCA5205-9C8D-4DF8-B520-CE11F217AD33}.Release|Any CPU.ActiveCfg = Release|Any CPU
		{0FCA5205-9C8D-4DF8-B520-CE11F217AD33}.Release|Any CPU.Build.0 = Release|Any CPU
		{1CBEAC3F-738F-4544-913F-16A8F6502218}.Debug|Any CPU.ActiveCfg = Debug|Any CPU
		{1CBEAC3F-738F-4544-913F-16A8F6502218}.Debug|Any CPU.Build.0 = Debug|Any CPU
		{1CBEAC3F-738F-4544-913F-16A8F6502218}.Release|Any CPU.ActiveCfg = Release|Any CPU
		{1CBEAC3F-738F-4544-913F-16A8F6502218}.Release|Any CPU.Build.0 = Release|Any CPU
		{4D23B8DC-811A-4782-8CC2-40B9DB9289D5}.Debug|Any CPU.ActiveCfg = Debug|Any CPU
		{4D23B8DC-811A-4782-8CC2-40B9DB9289D5}.Debug|Any CPU.Build.0 = Debug|Any CPU
		{4D23B8DC-811A-4782-8CC2-40B9DB9289D5}.Release|Any CPU.ActiveCfg = Release|Any CPU
		{4D23B8DC-811A-4782-8CC2-40B9DB9289D5}.Release|Any CPU.Build.0 = Release|Any CPU
		{6E5549FB-4075-449D-ADEF-6995AF0ED7F2}.Debug|Any CPU.ActiveCfg = Debug|Any CPU
		{6E5549FB-4075-449D-ADEF-6995AF0ED7F2}.Debug|Any CPU.Build.0 = Debug|Any CPU
		{6E5549FB-4075-449D-ADEF-6995AF0ED7F2}.Release|Any CPU.ActiveCfg = Release|Any CPU
		{6E5549FB-4075-449D-ADEF-6995AF0ED7F2}.Release|Any CPU.Build.0 = Release|Any CPU
		{31CBFE0C-B880-47C9-9853-A4E3B312CA27}.Debug|Any CPU.ActiveCfg = Debug|Any CPU
		{31CBFE0C-B880-47C9-9853-A4E3B312CA27}.Debug|Any CPU.Build.0 = Debug|Any CPU
		{31CBFE0C-B880-47C9-9853-A4E3B312CA27}.Release|Any CPU.ActiveCfg = Release|Any CPU
		{31CBFE0C-B880-47C9-9853-A4E3B312CA27}.Release|Any CPU.Build.0 = Release|Any CPU
		{529ED045-1C83-4857-B492-180868E7E4E4}.Debug|Any CPU.ActiveCfg = Debug|Any CPU
		{529ED045-1C83-4857-B492-180868E7E4E4}.Debug|Any CPU.Build.0 = Debug|Any CPU
		{529ED045-1C83-4857-B492-180868E7E4E4}.Release|Any CPU.ActiveCfg = Release|Any CPU
		{529ED045-1C83-4857-B492-180868E7E4E4}.Release|Any CPU.Build.0 = Release|Any CPU
		{9DC16609-16E6-4F1D-ADCE-0442D24DE73E}.Debug|Any CPU.ActiveCfg = Debug|Any CPU
		{9DC16609-16E6-4F1D-ADCE-0442D24DE73E}.Debug|Any CPU.Build.0 = Debug|Any CPU
		{9DC16609-16E6-4F1D-ADCE-0442D24DE73E}.Release|Any CPU.ActiveCfg = Release|Any CPU
		{9DC16609-16E6-4F1D-ADCE-0442D24DE73E}.Release|Any CPU.Build.0 = Release|Any CPU
		{F65271A4-DE0B-49DF-A2C0-70B5AE2F8F12}.Debug|Any CPU.ActiveCfg = Debug|Any CPU
		{F65271A4-DE0B-49DF-A2C0-70B5AE2F8F12}.Debug|Any CPU.Build.0 = Debug|Any CPU
		{F65271A4-DE0B-49DF-A2C0-70B5AE2F8F12}.Release|Any CPU.ActiveCfg = Release|Any CPU
		{F65271A4-DE0B-49DF-A2C0-70B5AE2F8F12}.Release|Any CPU.Build.0 = Release|Any CPU
		{582E9BFC-5329-4E8A-8DBB-3E32ABE392A4}.Debug|Any CPU.ActiveCfg = Debug|Any CPU
		{582E9BFC-5329-4E8A-8DBB-3E32ABE392A4}.Debug|Any CPU.Build.0 = Debug|Any CPU
		{582E9BFC-5329-4E8A-8DBB-3E32ABE392A4}.Release|Any CPU.ActiveCfg = Release|Any CPU
		{582E9BFC-5329-4E8A-8DBB-3E32ABE392A4}.Release|Any CPU.Build.0 = Release|Any CPU
	EndGlobalSection
	GlobalSection(SolutionProperties) = preSolution
		HideSolutionNode = FALSE
	EndGlobalSection
	GlobalSection(ExtensibilityGlobals) = postSolution
		SolutionGuid = {2BD29B12-3E57-48BA-8729-FD0D831AAC10}
	EndGlobalSection
EndGlobal
