
Microsoft Visual Studio Solution File, Format Version 12.00
# Visual Studio 15
VisualStudioVersion = 15.0.27703.2047
MinimumVisualStudioVersion = 10.0.40219.1
Project("{FAE04EC0-301F-11D3-BF4B-00C04F79EFBC}") = "Ejercicio_41", "Ejercicio_41\Ejercicio_41.csproj", "{00725824-95B0-497E-86BF-A8C49FB24BA4}"
EndProject
Project("{FAE04EC0-301F-11D3-BF4B-00C04F79EFBC}") = "Ejercicio_41_Libreria", "Ejercicio_41_Libreria\Ejercicio_41_Libreria.csproj", "{C504E8D7-7860-4617-BF04-68D9E43D48B4}"
EndProject
Project("{FAE04EC0-301F-11D3-BF4B-00C04F79EFBC}") = "Ejercicio_42", "Ejercicio_42\Ejercicio_42.csproj", "{EE11BF14-752E-4209-9EB1-712D287AD4D6}"
EndProject
Project("{FAE04EC0-301F-11D3-BF4B-00C04F79EFBC}") = "Ejercicio_43", "Ejercicio_43\Ejercicio_43.csproj", "{4D681CC6-1F10-4EFF-BAE9-DC55AFB57CA4}"
EndProject
Project("{FAE04EC0-301F-11D3-BF4B-00C04F79EFBC}") = "Ejercicio_43_Libreria", "Ejercicio_43_Libreria\Ejercicio_43_Libreria.csproj", "{1EA5AC17-7628-4932-8212-39D8C95FE6BE}"
EndProject
Global
	GlobalSection(SolutionConfigurationPlatforms) = preSolution
		Debug|Any CPU = Debug|Any CPU
		Release|Any CPU = Release|Any CPU
	EndGlobalSection
	GlobalSection(ProjectConfigurationPlatforms) = postSolution
		{00725824-95B0-497E-86BF-A8C49FB24BA4}.Debug|Any CPU.ActiveCfg = Debug|Any CPU
		{00725824-95B0-497E-86BF-A8C49FB24BA4}.Debug|Any CPU.Build.0 = Debug|Any CPU
		{00725824-95B0-497E-86BF-A8C49FB24BA4}.Release|Any CPU.ActiveCfg = Release|Any CPU
		{00725824-95B0-497E-86BF-A8C49FB24BA4}.Release|Any CPU.Build.0 = Release|Any CPU
		{C504E8D7-7860-4617-BF04-68D9E43D48B4}.Debug|Any CPU.ActiveCfg = Debug|Any CPU
		{C504E8D7-7860-4617-BF04-68D9E43D48B4}.Debug|Any CPU.Build.0 = Debug|Any CPU
		{C504E8D7-7860-4617-BF04-68D9E43D48B4}.Release|Any CPU.ActiveCfg = Release|Any CPU
		{C504E8D7-7860-4617-BF04-68D9E43D48B4}.Release|Any CPU.Build.0 = Release|Any CPU
		{EE11BF14-752E-4209-9EB1-712D287AD4D6}.Debug|Any CPU.ActiveCfg = Debug|Any CPU
		{EE11BF14-752E-4209-9EB1-712D287AD4D6}.Debug|Any CPU.Build.0 = Debug|Any CPU
		{EE11BF14-752E-4209-9EB1-712D287AD4D6}.Release|Any CPU.ActiveCfg = Release|Any CPU
		{EE11BF14-752E-4209-9EB1-712D287AD4D6}.Release|Any CPU.Build.0 = Release|Any CPU
		{4D681CC6-1F10-4EFF-BAE9-DC55AFB57CA4}.Debug|Any CPU.ActiveCfg = Debug|Any CPU
		{4D681CC6-1F10-4EFF-BAE9-DC55AFB57CA4}.Debug|Any CPU.Build.0 = Debug|Any CPU
		{4D681CC6-1F10-4EFF-BAE9-DC55AFB57CA4}.Release|Any CPU.ActiveCfg = Release|Any CPU
		{4D681CC6-1F10-4EFF-BAE9-DC55AFB57CA4}.Release|Any CPU.Build.0 = Release|Any CPU
		{1EA5AC17-7628-4932-8212-39D8C95FE6BE}.Debug|Any CPU.ActiveCfg = Debug|Any CPU
		{1EA5AC17-7628-4932-8212-39D8C95FE6BE}.Debug|Any CPU.Build.0 = Debug|Any CPU
		{1EA5AC17-7628-4932-8212-39D8C95FE6BE}.Release|Any CPU.ActiveCfg = Release|Any CPU
		{1EA5AC17-7628-4932-8212-39D8C95FE6BE}.Release|Any CPU.Build.0 = Release|Any CPU
	EndGlobalSection
	GlobalSection(SolutionProperties) = preSolution
		HideSolutionNode = FALSE
	EndGlobalSection
	GlobalSection(ExtensibilityGlobals) = postSolution
		SolutionGuid = {007A03E1-AF07-457F-A618-FCE263C60920}
	EndGlobalSection
EndGlobal
