
Microsoft Visual Studio Solution File, Format Version 12.00
# Visual Studio 15
VisualStudioVersion = 15.0.27428.2015
MinimumVisualStudioVersion = 10.0.40219.1
Project("{FAE04EC0-301F-11D3-BF4B-00C04F79EFBC}") = "Ejercicio_31", "Ejercicio_31\Ejercicio_31.csproj", "{A8DBA1CB-F049-4F88-820C-DFEF5FA53D6C}"
EndProject
Project("{FAE04EC0-301F-11D3-BF4B-00C04F79EFBC}") = "Ejercicio_31_AtencionAlCliente", "Ejercicio_31_AtencionAlCliente\Ejercicio_31_AtencionAlCliente.csproj", "{B8FEBC43-5CEE-4A81-BA89-6F8A4A1FE6FB}"
EndProject
Project("{FAE04EC0-301F-11D3-BF4B-00C04F79EFBC}") = "Ejercicio_32_Libreria", "Ejercicio_32_Libreria\Ejercicio_32_Libreria.csproj", "{38315EED-D543-47FC-84FE-3E5C5302D1D5}"
EndProject
Project("{FAE04EC0-301F-11D3-BF4B-00C04F79EFBC}") = "Ejercicio_32", "Ejercicio_32\Ejercicio_32.csproj", "{40D4CF4A-FA6C-45E7-99AB-70471A6690EA}"
EndProject
Project("{FAE04EC0-301F-11D3-BF4B-00C04F79EFBC}") = "Ejercicio_33_Libreria", "Ejercicio_33_Libreria\Ejercicio_33_Libreria.csproj", "{7231E7EA-0989-4B67-A751-7B11E18E778E}"
EndProject
Project("{FAE04EC0-301F-11D3-BF4B-00C04F79EFBC}") = "Ejercicio_33", "Ejercicio_33\Ejercicio_33.csproj", "{0FCF03F2-848F-4649-B412-B661317474B8}"
EndProject
Global
	GlobalSection(SolutionConfigurationPlatforms) = preSolution
		Debug|Any CPU = Debug|Any CPU
		Release|Any CPU = Release|Any CPU
	EndGlobalSection
	GlobalSection(ProjectConfigurationPlatforms) = postSolution
		{A8DBA1CB-F049-4F88-820C-DFEF5FA53D6C}.Debug|Any CPU.ActiveCfg = Debug|Any CPU
		{A8DBA1CB-F049-4F88-820C-DFEF5FA53D6C}.Debug|Any CPU.Build.0 = Debug|Any CPU
		{A8DBA1CB-F049-4F88-820C-DFEF5FA53D6C}.Release|Any CPU.ActiveCfg = Release|Any CPU
		{A8DBA1CB-F049-4F88-820C-DFEF5FA53D6C}.Release|Any CPU.Build.0 = Release|Any CPU
		{B8FEBC43-5CEE-4A81-BA89-6F8A4A1FE6FB}.Debug|Any CPU.ActiveCfg = Debug|Any CPU
		{B8FEBC43-5CEE-4A81-BA89-6F8A4A1FE6FB}.Debug|Any CPU.Build.0 = Debug|Any CPU
		{B8FEBC43-5CEE-4A81-BA89-6F8A4A1FE6FB}.Release|Any CPU.ActiveCfg = Release|Any CPU
		{B8FEBC43-5CEE-4A81-BA89-6F8A4A1FE6FB}.Release|Any CPU.Build.0 = Release|Any CPU
		{38315EED-D543-47FC-84FE-3E5C5302D1D5}.Debug|Any CPU.ActiveCfg = Debug|Any CPU
		{38315EED-D543-47FC-84FE-3E5C5302D1D5}.Debug|Any CPU.Build.0 = Debug|Any CPU
		{38315EED-D543-47FC-84FE-3E5C5302D1D5}.Release|Any CPU.ActiveCfg = Release|Any CPU
		{38315EED-D543-47FC-84FE-3E5C5302D1D5}.Release|Any CPU.Build.0 = Release|Any CPU
		{40D4CF4A-FA6C-45E7-99AB-70471A6690EA}.Debug|Any CPU.ActiveCfg = Debug|Any CPU
		{40D4CF4A-FA6C-45E7-99AB-70471A6690EA}.Debug|Any CPU.Build.0 = Debug|Any CPU
		{40D4CF4A-FA6C-45E7-99AB-70471A6690EA}.Release|Any CPU.ActiveCfg = Release|Any CPU
		{40D4CF4A-FA6C-45E7-99AB-70471A6690EA}.Release|Any CPU.Build.0 = Release|Any CPU
		{7231E7EA-0989-4B67-A751-7B11E18E778E}.Debug|Any CPU.ActiveCfg = Debug|Any CPU
		{7231E7EA-0989-4B67-A751-7B11E18E778E}.Debug|Any CPU.Build.0 = Debug|Any CPU
		{7231E7EA-0989-4B67-A751-7B11E18E778E}.Release|Any CPU.ActiveCfg = Release|Any CPU
		{7231E7EA-0989-4B67-A751-7B11E18E778E}.Release|Any CPU.Build.0 = Release|Any CPU
		{0FCF03F2-848F-4649-B412-B661317474B8}.Debug|Any CPU.ActiveCfg = Debug|Any CPU
		{0FCF03F2-848F-4649-B412-B661317474B8}.Debug|Any CPU.Build.0 = Debug|Any CPU
		{0FCF03F2-848F-4649-B412-B661317474B8}.Release|Any CPU.ActiveCfg = Release|Any CPU
		{0FCF03F2-848F-4649-B412-B661317474B8}.Release|Any CPU.Build.0 = Release|Any CPU
	EndGlobalSection
	GlobalSection(SolutionProperties) = preSolution
		HideSolutionNode = FALSE
	EndGlobalSection
	GlobalSection(ExtensibilityGlobals) = postSolution
		SolutionGuid = {A907546B-6D4F-4A86-85FF-F02B863EBE93}
	EndGlobalSection
EndGlobal
