
Microsoft Visual Studio Solution File, Format Version 12.00
# Visual Studio 15
VisualStudioVersion = 15.0.27428.2015
MinimumVisualStudioVersion = 10.0.40219.1
Project("{FAE04EC0-301F-11D3-BF4B-00C04F79EFBC}") = "Ejercicio_60", "Ejercicio_60\Ejercicio_60.csproj", "{F48F3202-B1CB-4106-8C8A-E762D537CFBC}"
EndProject
Project("{FAE04EC0-301F-11D3-BF4B-00C04F79EFBC}") = "Ejercicio_60_Libreria", "Ejercicio_60_Libreria\Ejercicio_60_Libreria.csproj", "{DF0B58B8-C012-4B8B-84B8-E27115B52EE0}"
EndProject
Project("{FAE04EC0-301F-11D3-BF4B-00C04F79EFBC}") = "Ejercicio_61", "Ejercicio_61\Ejercicio_61.csproj", "{6F05BD90-8B93-4A45-A433-F4A4DEFF859B}"
EndProject
Project("{FAE04EC0-301F-11D3-BF4B-00C04F79EFBC}") = "Ejercicio_61_Libreria", "Ejercicio_61_Libreria\Ejercicio_61_Libreria.csproj", "{DAB75207-70B4-40DD-83B8-129E42C9EA72}"
EndProject
Project("{FAE04EC0-301F-11D3-BF4B-00C04F79EFBC}") = "EntidadesDAO", "EntidadesDAO\EntidadesDAO.csproj", "{FCF5FAF7-1C01-4E27-BAEA-D64D6B944E3A}"
EndProject
Project("{FAE04EC0-301F-11D3-BF4B-00C04F79EFBC}") = "Ejercicio_62_Libreria", "Ejercicio_62_Libreria\Ejercicio_62_Libreria.csproj", "{53E881FE-0404-4CF1-9B99-C19B5A5686CC}"
EndProject
Project("{FAE04EC0-301F-11D3-BF4B-00C04F79EFBC}") = "Ejercicio_62", "Ejercicio_62\Ejercicio_62.csproj", "{9AF73677-FAA2-4DBD-B7C7-3723A23BE865}"
EndProject
Global
	GlobalSection(SolutionConfigurationPlatforms) = preSolution
		Debug|Any CPU = Debug|Any CPU
		Release|Any CPU = Release|Any CPU
	EndGlobalSection
	GlobalSection(ProjectConfigurationPlatforms) = postSolution
		{F48F3202-B1CB-4106-8C8A-E762D537CFBC}.Debug|Any CPU.ActiveCfg = Debug|Any CPU
		{F48F3202-B1CB-4106-8C8A-E762D537CFBC}.Debug|Any CPU.Build.0 = Debug|Any CPU
		{F48F3202-B1CB-4106-8C8A-E762D537CFBC}.Release|Any CPU.ActiveCfg = Release|Any CPU
		{F48F3202-B1CB-4106-8C8A-E762D537CFBC}.Release|Any CPU.Build.0 = Release|Any CPU
		{DF0B58B8-C012-4B8B-84B8-E27115B52EE0}.Debug|Any CPU.ActiveCfg = Debug|Any CPU
		{DF0B58B8-C012-4B8B-84B8-E27115B52EE0}.Debug|Any CPU.Build.0 = Debug|Any CPU
		{DF0B58B8-C012-4B8B-84B8-E27115B52EE0}.Release|Any CPU.ActiveCfg = Release|Any CPU
		{DF0B58B8-C012-4B8B-84B8-E27115B52EE0}.Release|Any CPU.Build.0 = Release|Any CPU
		{6F05BD90-8B93-4A45-A433-F4A4DEFF859B}.Debug|Any CPU.ActiveCfg = Debug|Any CPU
		{6F05BD90-8B93-4A45-A433-F4A4DEFF859B}.Debug|Any CPU.Build.0 = Debug|Any CPU
		{6F05BD90-8B93-4A45-A433-F4A4DEFF859B}.Release|Any CPU.ActiveCfg = Release|Any CPU
		{6F05BD90-8B93-4A45-A433-F4A4DEFF859B}.Release|Any CPU.Build.0 = Release|Any CPU
		{DAB75207-70B4-40DD-83B8-129E42C9EA72}.Debug|Any CPU.ActiveCfg = Debug|Any CPU
		{DAB75207-70B4-40DD-83B8-129E42C9EA72}.Debug|Any CPU.Build.0 = Debug|Any CPU
		{DAB75207-70B4-40DD-83B8-129E42C9EA72}.Release|Any CPU.ActiveCfg = Release|Any CPU
		{DAB75207-70B4-40DD-83B8-129E42C9EA72}.Release|Any CPU.Build.0 = Release|Any CPU
		{FCF5FAF7-1C01-4E27-BAEA-D64D6B944E3A}.Debug|Any CPU.ActiveCfg = Debug|Any CPU
		{FCF5FAF7-1C01-4E27-BAEA-D64D6B944E3A}.Debug|Any CPU.Build.0 = Debug|Any CPU
		{FCF5FAF7-1C01-4E27-BAEA-D64D6B944E3A}.Release|Any CPU.ActiveCfg = Release|Any CPU
		{FCF5FAF7-1C01-4E27-BAEA-D64D6B944E3A}.Release|Any CPU.Build.0 = Release|Any CPU
		{53E881FE-0404-4CF1-9B99-C19B5A5686CC}.Debug|Any CPU.ActiveCfg = Debug|Any CPU
		{53E881FE-0404-4CF1-9B99-C19B5A5686CC}.Debug|Any CPU.Build.0 = Debug|Any CPU
		{53E881FE-0404-4CF1-9B99-C19B5A5686CC}.Release|Any CPU.ActiveCfg = Release|Any CPU
		{53E881FE-0404-4CF1-9B99-C19B5A5686CC}.Release|Any CPU.Build.0 = Release|Any CPU
		{9AF73677-FAA2-4DBD-B7C7-3723A23BE865}.Debug|Any CPU.ActiveCfg = Debug|Any CPU
		{9AF73677-FAA2-4DBD-B7C7-3723A23BE865}.Debug|Any CPU.Build.0 = Debug|Any CPU
		{9AF73677-FAA2-4DBD-B7C7-3723A23BE865}.Release|Any CPU.ActiveCfg = Release|Any CPU
		{9AF73677-FAA2-4DBD-B7C7-3723A23BE865}.Release|Any CPU.Build.0 = Release|Any CPU
	EndGlobalSection
	GlobalSection(SolutionProperties) = preSolution
		HideSolutionNode = FALSE
	EndGlobalSection
	GlobalSection(ExtensibilityGlobals) = postSolution
		SolutionGuid = {331ED3C4-8535-4875-A946-DB6A9B1049D6}
	EndGlobalSection
EndGlobal
