
Microsoft Visual Studio Solution File, Format Version 12.00
# Visual Studio 15
VisualStudioVersion = 15.0.27703.2047
MinimumVisualStudioVersion = 10.0.40219.1
Project("{FAE04EC0-301F-11D3-BF4B-00C04F79EFBC}") = "Ejercicio_26", "Ejercicio_26\Ejercicio_26.csproj", "{285C48C8-AF68-45B1-A0B3-AA19BA8FBBE6}"
EndProject
Project("{FAE04EC0-301F-11D3-BF4B-00C04F79EFBC}") = "Ejercicio_27", "Ejercicio_27\Ejercicio_27.csproj", "{CC14EBEB-7385-4901-8E2F-25EC6490BC56}"
EndProject
Global
	GlobalSection(SolutionConfigurationPlatforms) = preSolution
		Debug|Any CPU = Debug|Any CPU
		Release|Any CPU = Release|Any CPU
	EndGlobalSection
	GlobalSection(ProjectConfigurationPlatforms) = postSolution
		{285C48C8-AF68-45B1-A0B3-AA19BA8FBBE6}.Debug|Any CPU.ActiveCfg = Debug|Any CPU
		{285C48C8-AF68-45B1-A0B3-AA19BA8FBBE6}.Debug|Any CPU.Build.0 = Debug|Any CPU
		{285C48C8-AF68-45B1-A0B3-AA19BA8FBBE6}.Release|Any CPU.ActiveCfg = Release|Any CPU
		{285C48C8-AF68-45B1-A0B3-AA19BA8FBBE6}.Release|Any CPU.Build.0 = Release|Any CPU
		{CC14EBEB-7385-4901-8E2F-25EC6490BC56}.Debug|Any CPU.ActiveCfg = Debug|Any CPU
		{CC14EBEB-7385-4901-8E2F-25EC6490BC56}.Debug|Any CPU.Build.0 = Debug|Any CPU
		{CC14EBEB-7385-4901-8E2F-25EC6490BC56}.Release|Any CPU.ActiveCfg = Release|Any CPU
		{CC14EBEB-7385-4901-8E2F-25EC6490BC56}.Release|Any CPU.Build.0 = Release|Any CPU
	EndGlobalSection
	GlobalSection(SolutionProperties) = preSolution
		HideSolutionNode = FALSE
	EndGlobalSection
	GlobalSection(ExtensibilityGlobals) = postSolution
		SolutionGuid = {AB085C9F-D38C-414C-A3A5-71C8FD7A95BA}
	EndGlobalSection
EndGlobal
