
Microsoft Visual Studio Solution File, Format Version 12.00
# Visual Studio 2012
Project("{FAE04EC0-301F-11D3-BF4B-00C04F79EFBC}") = "Ejercicio_51", "Ejercicio_51\Ejercicio_51.csproj", "{50042718-8A00-491E-B0BD-3DA6E94BAD69}"
EndProject
Project("{FAE04EC0-301F-11D3-BF4B-00C04F79EFBC}") = "Ejercicio_52", "Ejercicio_52\Ejercicio_52.csproj", "{6D0E7185-856B-4B7D-A313-E09CA679204D}"
EndProject
Project("{FAE04EC0-301F-11D3-BF4B-00C04F79EFBC}") = "Ejercicio_52_ClassLibrary1", "Ejercicio_52_ClassLibrary1\Ejercicio_52_ClassLibrary1.csproj", "{C28F7135-5B0F-4C15-B4B7-225635A11EA6}"
EndProject
Project("{FAE04EC0-301F-11D3-BF4B-00C04F79EFBC}") = "Ejercicio_56", "Ejercicio_56\Ejercicio_56.csproj", "{03B516F9-731E-4BF5-937E-A1FC5E2E828C}"
EndProject
Project("{FAE04EC0-301F-11D3-BF4B-00C04F79EFBC}") = "Ejercicio_57", "Ejercicio_57\Ejercicio_57.csproj", "{9254471F-53D8-424A-9527-883208FFB300}"
EndProject
Project("{FAE04EC0-301F-11D3-BF4B-00C04F79EFBC}") = "Ejercicio_58", "Ejercicio_58\Ejercicio_58.csproj", "{620C1154-48E7-4E97-9F57-BD1ED74447A0}"
EndProject
Project("{FAE04EC0-301F-11D3-BF4B-00C04F79EFBC}") = "Ejercicio_58_IO", "Ejercicio_58_IO\Ejercicio_58_IO.csproj", "{7E1C70C8-0BAA-4D21-89CD-B3EE86F2FAAF}"
EndProject
Global
	GlobalSection(SolutionConfigurationPlatforms) = preSolution
		Debug|Any CPU = Debug|Any CPU
		Release|Any CPU = Release|Any CPU
	EndGlobalSection
	GlobalSection(ProjectConfigurationPlatforms) = postSolution
		{50042718-8A00-491E-B0BD-3DA6E94BAD69}.Debug|Any CPU.ActiveCfg = Debug|Any CPU
		{50042718-8A00-491E-B0BD-3DA6E94BAD69}.Debug|Any CPU.Build.0 = Debug|Any CPU
		{50042718-8A00-491E-B0BD-3DA6E94BAD69}.Release|Any CPU.ActiveCfg = Release|Any CPU
		{50042718-8A00-491E-B0BD-3DA6E94BAD69}.Release|Any CPU.Build.0 = Release|Any CPU
		{6D0E7185-856B-4B7D-A313-E09CA679204D}.Debug|Any CPU.ActiveCfg = Debug|Any CPU
		{6D0E7185-856B-4B7D-A313-E09CA679204D}.Debug|Any CPU.Build.0 = Debug|Any CPU
		{6D0E7185-856B-4B7D-A313-E09CA679204D}.Release|Any CPU.ActiveCfg = Release|Any CPU
		{6D0E7185-856B-4B7D-A313-E09CA679204D}.Release|Any CPU.Build.0 = Release|Any CPU
		{C28F7135-5B0F-4C15-B4B7-225635A11EA6}.Debug|Any CPU.ActiveCfg = Debug|Any CPU
		{C28F7135-5B0F-4C15-B4B7-225635A11EA6}.Debug|Any CPU.Build.0 = Debug|Any CPU
		{C28F7135-5B0F-4C15-B4B7-225635A11EA6}.Release|Any CPU.ActiveCfg = Release|Any CPU
		{C28F7135-5B0F-4C15-B4B7-225635A11EA6}.Release|Any CPU.Build.0 = Release|Any CPU
		{03B516F9-731E-4BF5-937E-A1FC5E2E828C}.Debug|Any CPU.ActiveCfg = Debug|Any CPU
		{03B516F9-731E-4BF5-937E-A1FC5E2E828C}.Debug|Any CPU.Build.0 = Debug|Any CPU
		{03B516F9-731E-4BF5-937E-A1FC5E2E828C}.Release|Any CPU.ActiveCfg = Release|Any CPU
		{03B516F9-731E-4BF5-937E-A1FC5E2E828C}.Release|Any CPU.Build.0 = Release|Any CPU
		{9254471F-53D8-424A-9527-883208FFB300}.Debug|Any CPU.ActiveCfg = Debug|Any CPU
		{9254471F-53D8-424A-9527-883208FFB300}.Debug|Any CPU.Build.0 = Debug|Any CPU
		{9254471F-53D8-424A-9527-883208FFB300}.Release|Any CPU.ActiveCfg = Release|Any CPU
		{9254471F-53D8-424A-9527-883208FFB300}.Release|Any CPU.Build.0 = Release|Any CPU
		{620C1154-48E7-4E97-9F57-BD1ED74447A0}.Debug|Any CPU.ActiveCfg = Debug|Any CPU
		{620C1154-48E7-4E97-9F57-BD1ED74447A0}.Debug|Any CPU.Build.0 = Debug|Any CPU
		{620C1154-48E7-4E97-9F57-BD1ED74447A0}.Release|Any CPU.ActiveCfg = Release|Any CPU
		{620C1154-48E7-4E97-9F57-BD1ED74447A0}.Release|Any CPU.Build.0 = Release|Any CPU
		{7E1C70C8-0BAA-4D21-89CD-B3EE86F2FAAF}.Debug|Any CPU.ActiveCfg = Debug|Any CPU
		{7E1C70C8-0BAA-4D21-89CD-B3EE86F2FAAF}.Debug|Any CPU.Build.0 = Debug|Any CPU
		{7E1C70C8-0BAA-4D21-89CD-B3EE86F2FAAF}.Release|Any CPU.ActiveCfg = Release|Any CPU
		{7E1C70C8-0BAA-4D21-89CD-B3EE86F2FAAF}.Release|Any CPU.Build.0 = Release|Any CPU
	EndGlobalSection
	GlobalSection(SolutionProperties) = preSolution
		HideSolutionNode = FALSE
	EndGlobalSection
EndGlobal
