
Microsoft Visual Studio Solution File, Format Version 12.00
# Visual Studio 15
VisualStudioVersion = 15.0.27703.2047
MinimumVisualStudioVersion = 10.0.40219.1
Project("{FAE04EC0-301F-11D3-BF4B-00C04F79EFBC}") = "Ejercicio_47", "Ejercicio_47\Ejercicio_47.csproj", "{EB5C1860-5D50-4332-BB1F-2611CA5DFAD0}"
EndProject
Project("{FAE04EC0-301F-11D3-BF4B-00C04F79EFBC}") = "Ejercicio_47_Libreria", "Ejercicio_47_Libreria\Ejercicio_47_Libreria.csproj", "{CD49C060-80FE-4A2E-9B0E-E75BAC3C6C29}"
EndProject
Project("{FAE04EC0-301F-11D3-BF4B-00C04F79EFBC}") = "Ejercicio_48", "Ejercicio_48\Ejercicio_48.csproj", "{CFC67123-1CE7-4F34-A275-1BDB50A3ACC3}"
EndProject
Project("{FAE04EC0-301F-11D3-BF4B-00C04F79EFBC}") = "Ejercicio_48_Libreria", "Ejercicio_48_Libreria\Ejercicio_48_Libreria.csproj", "{3B059631-9CD0-402E-B57D-C7FEAE556FF4}"
EndProject
Project("{FAE04EC0-301F-11D3-BF4B-00C04F79EFBC}") = "Ejercicio_49", "Ejercicio_49\Ejercicio_49.csproj", "{47EBA1A8-5C99-4B47-B0BB-D4962F0DA831}"
EndProject
Project("{FAE04EC0-301F-11D3-BF4B-00C04F79EFBC}") = "Ejercicio_49_Libreria", "Ejercicio_49_Libreria\Ejercicio_49_Libreria.csproj", "{B826C126-8987-4488-845F-DCD12FC5D228}"
EndProject
Global
	GlobalSection(SolutionConfigurationPlatforms) = preSolution
		Debug|Any CPU = Debug|Any CPU
		Release|Any CPU = Release|Any CPU
	EndGlobalSection
	GlobalSection(ProjectConfigurationPlatforms) = postSolution
		{EB5C1860-5D50-4332-BB1F-2611CA5DFAD0}.Debug|Any CPU.ActiveCfg = Debug|Any CPU
		{EB5C1860-5D50-4332-BB1F-2611CA5DFAD0}.Debug|Any CPU.Build.0 = Debug|Any CPU
		{EB5C1860-5D50-4332-BB1F-2611CA5DFAD0}.Release|Any CPU.ActiveCfg = Release|Any CPU
		{EB5C1860-5D50-4332-BB1F-2611CA5DFAD0}.Release|Any CPU.Build.0 = Release|Any CPU
		{CD49C060-80FE-4A2E-9B0E-E75BAC3C6C29}.Debug|Any CPU.ActiveCfg = Debug|Any CPU
		{CD49C060-80FE-4A2E-9B0E-E75BAC3C6C29}.Debug|Any CPU.Build.0 = Debug|Any CPU
		{CD49C060-80FE-4A2E-9B0E-E75BAC3C6C29}.Release|Any CPU.ActiveCfg = Release|Any CPU
		{CD49C060-80FE-4A2E-9B0E-E75BAC3C6C29}.Release|Any CPU.Build.0 = Release|Any CPU
		{CFC67123-1CE7-4F34-A275-1BDB50A3ACC3}.Debug|Any CPU.ActiveCfg = Debug|Any CPU
		{CFC67123-1CE7-4F34-A275-1BDB50A3ACC3}.Debug|Any CPU.Build.0 = Debug|Any CPU
		{CFC67123-1CE7-4F34-A275-1BDB50A3ACC3}.Release|Any CPU.ActiveCfg = Release|Any CPU
		{CFC67123-1CE7-4F34-A275-1BDB50A3ACC3}.Release|Any CPU.Build.0 = Release|Any CPU
		{3B059631-9CD0-402E-B57D-C7FEAE556FF4}.Debug|Any CPU.ActiveCfg = Debug|Any CPU
		{3B059631-9CD0-402E-B57D-C7FEAE556FF4}.Debug|Any CPU.Build.0 = Debug|Any CPU
		{3B059631-9CD0-402E-B57D-C7FEAE556FF4}.Release|Any CPU.ActiveCfg = Release|Any CPU
		{3B059631-9CD0-402E-B57D-C7FEAE556FF4}.Release|Any CPU.Build.0 = Release|Any CPU
		{47EBA1A8-5C99-4B47-B0BB-D4962F0DA831}.Debug|Any CPU.ActiveCfg = Debug|Any CPU
		{47EBA1A8-5C99-4B47-B0BB-D4962F0DA831}.Debug|Any CPU.Build.0 = Debug|Any CPU
		{47EBA1A8-5C99-4B47-B0BB-D4962F0DA831}.Release|Any CPU.ActiveCfg = Release|Any CPU
		{47EBA1A8-5C99-4B47-B0BB-D4962F0DA831}.Release|Any CPU.Build.0 = Release|Any CPU
		{B826C126-8987-4488-845F-DCD12FC5D228}.Debug|Any CPU.ActiveCfg = Debug|Any CPU
		{B826C126-8987-4488-845F-DCD12FC5D228}.Debug|Any CPU.Build.0 = Debug|Any CPU
		{B826C126-8987-4488-845F-DCD12FC5D228}.Release|Any CPU.ActiveCfg = Release|Any CPU
		{B826C126-8987-4488-845F-DCD12FC5D228}.Release|Any CPU.Build.0 = Release|Any CPU
	EndGlobalSection
	GlobalSection(SolutionProperties) = preSolution
		HideSolutionNode = FALSE
	EndGlobalSection
	GlobalSection(ExtensibilityGlobals) = postSolution
		SolutionGuid = {E6E9E02E-A2FE-4366-89A7-7E35CD8F57F6}
	EndGlobalSection
EndGlobal
