
Microsoft Visual Studio Solution File, Format Version 12.00
# Visual Studio 15
VisualStudioVersion = 15.0.27703.2047
MinimumVisualStudioVersion = 10.0.40219.1
Project("{FAE04EC0-301F-11D3-BF4B-00C04F79EFBC}") = "Ejercicio_54", "Ejercicio_54\Ejercicio_54.csproj", "{916103D3-68C2-424A-9310-D4DA6911CF93}"
EndProject
Project("{FAE04EC0-301F-11D3-BF4B-00C04F79EFBC}") = "Ejercicio_54_IO", "Ejercicio_54_IO\Ejercicio_54_IO.csproj", "{EE0CAF58-6A6A-4EB6-9AAE-DDE35145F2E4}"
EndProject
Global
	GlobalSection(SolutionConfigurationPlatforms) = preSolution
		Debug|Any CPU = Debug|Any CPU
		Release|Any CPU = Release|Any CPU
	EndGlobalSection
	GlobalSection(ProjectConfigurationPlatforms) = postSolution
		{916103D3-68C2-424A-9310-D4DA6911CF93}.Debug|Any CPU.ActiveCfg = Debug|Any CPU
		{916103D3-68C2-424A-9310-D4DA6911CF93}.Debug|Any CPU.Build.0 = Debug|Any CPU
		{916103D3-68C2-424A-9310-D4DA6911CF93}.Release|Any CPU.ActiveCfg = Release|Any CPU
		{916103D3-68C2-424A-9310-D4DA6911CF93}.Release|Any CPU.Build.0 = Release|Any CPU
		{EE0CAF58-6A6A-4EB6-9AAE-DDE35145F2E4}.Debug|Any CPU.ActiveCfg = Debug|Any CPU
		{EE0CAF58-6A6A-4EB6-9AAE-DDE35145F2E4}.Debug|Any CPU.Build.0 = Debug|Any CPU
		{EE0CAF58-6A6A-4EB6-9AAE-DDE35145F2E4}.Release|Any CPU.ActiveCfg = Release|Any CPU
		{EE0CAF58-6A6A-4EB6-9AAE-DDE35145F2E4}.Release|Any CPU.Build.0 = Release|Any CPU
	EndGlobalSection
	GlobalSection(SolutionProperties) = preSolution
		HideSolutionNode = FALSE
	EndGlobalSection
	GlobalSection(ExtensibilityGlobals) = postSolution
		SolutionGuid = {D840FBE9-C201-4EF2-973D-B35C6741D610}
	EndGlobalSection
EndGlobal
