
Microsoft Visual Studio Solution File, Format Version 12.00
# Visual Studio 15
VisualStudioVersion = 15.0.27428.2015
MinimumVisualStudioVersion = 10.0.40219.1
Project("{FAE04EC0-301F-11D3-BF4B-00C04F79EFBC}") = "Entidades", "Entidades\Entidades.csproj", "{628D74DF-AE42-4C1D-A3E4-B0F62FD40A73}"
EndProject
Project("{FAE04EC0-301F-11D3-BF4B-00C04F79EFBC}") = "Carbone.Sergio.2C", "Carbone.Sergio.2C\Carbone.Sergio.2C.csproj", "{C2C57CBE-E0F7-40B3-8DDE-AB882DBEFDCD}"
EndProject
Global
	GlobalSection(SolutionConfigurationPlatforms) = preSolution
		Debug|Any CPU = Debug|Any CPU
		Release|Any CPU = Release|Any CPU
	EndGlobalSection
	GlobalSection(ProjectConfigurationPlatforms) = postSolution
		{628D74DF-AE42-4C1D-A3E4-B0F62FD40A73}.Debug|Any CPU.ActiveCfg = Debug|Any CPU
		{628D74DF-AE42-4C1D-A3E4-B0F62FD40A73}.Debug|Any CPU.Build.0 = Debug|Any CPU
		{628D74DF-AE42-4C1D-A3E4-B0F62FD40A73}.Release|Any CPU.ActiveCfg = Release|Any CPU
		{628D74DF-AE42-4C1D-A3E4-B0F62FD40A73}.Release|Any CPU.Build.0 = Release|Any CPU
		{C2C57CBE-E0F7-40B3-8DDE-AB882DBEFDCD}.Debug|Any CPU.ActiveCfg = Debug|Any CPU
		{C2C57CBE-E0F7-40B3-8DDE-AB882DBEFDCD}.Debug|Any CPU.Build.0 = Debug|Any CPU
		{C2C57CBE-E0F7-40B3-8DDE-AB882DBEFDCD}.Release|Any CPU.ActiveCfg = Release|Any CPU
		{C2C57CBE-E0F7-40B3-8DDE-AB882DBEFDCD}.Release|Any CPU.Build.0 = Release|Any CPU
	EndGlobalSection
	GlobalSection(SolutionProperties) = preSolution
		HideSolutionNode = FALSE
	EndGlobalSection
	GlobalSection(ExtensibilityGlobals) = postSolution
		SolutionGuid = {2D201960-529D-47B1-BB49-477EF3789DBE}
	EndGlobalSection
EndGlobal
