
Microsoft Visual Studio Solution File, Format Version 12.00
# Visual Studio 15
VisualStudioVersion = 15.0.27703.2047
MinimumVisualStudioVersion = 10.0.40219.1
Project("{FAE04EC0-301F-11D3-BF4B-00C04F79EFBC}") = "VistaConsola", "VistaConsola\VistaConsola.csproj", "{312385B8-5244-4F3F-A918-5853C36FE0FC}"
EndProject
Project("{FAE04EC0-301F-11D3-BF4B-00C04F79EFBC}") = "Entidades", "Entidades\Entidades.csproj", "{D80FA6EC-4517-4295-91CE-ABC180A4CC8A}"
EndProject
Project("{FAE04EC0-301F-11D3-BF4B-00C04F79EFBC}") = "VistaForm", "VistaForm\VistaForm.csproj", "{D1779C28-E863-436F-98E4-3089542DCEBC}"
EndProject
Global
	GlobalSection(SolutionConfigurationPlatforms) = preSolution
		Debug|Any CPU = Debug|Any CPU
		Release|Any CPU = Release|Any CPU
	EndGlobalSection
	GlobalSection(ProjectConfigurationPlatforms) = postSolution
		{312385B8-5244-4F3F-A918-5853C36FE0FC}.Debug|Any CPU.ActiveCfg = Debug|Any CPU
		{312385B8-5244-4F3F-A918-5853C36FE0FC}.Debug|Any CPU.Build.0 = Debug|Any CPU
		{312385B8-5244-4F3F-A918-5853C36FE0FC}.Release|Any CPU.ActiveCfg = Release|Any CPU
		{312385B8-5244-4F3F-A918-5853C36FE0FC}.Release|Any CPU.Build.0 = Release|Any CPU
		{D80FA6EC-4517-4295-91CE-ABC180A4CC8A}.Debug|Any CPU.ActiveCfg = Debug|Any CPU
		{D80FA6EC-4517-4295-91CE-ABC180A4CC8A}.Debug|Any CPU.Build.0 = Debug|Any CPU
		{D80FA6EC-4517-4295-91CE-ABC180A4CC8A}.Release|Any CPU.ActiveCfg = Release|Any CPU
		{D80FA6EC-4517-4295-91CE-ABC180A4CC8A}.Release|Any CPU.Build.0 = Release|Any CPU
		{D1779C28-E863-436F-98E4-3089542DCEBC}.Debug|Any CPU.ActiveCfg = Debug|Any CPU
		{D1779C28-E863-436F-98E4-3089542DCEBC}.Debug|Any CPU.Build.0 = Debug|Any CPU
		{D1779C28-E863-436F-98E4-3089542DCEBC}.Release|Any CPU.ActiveCfg = Release|Any CPU
		{D1779C28-E863-436F-98E4-3089542DCEBC}.Release|Any CPU.Build.0 = Release|Any CPU
	EndGlobalSection
	GlobalSection(SolutionProperties) = preSolution
		HideSolutionNode = FALSE
	EndGlobalSection
	GlobalSection(ExtensibilityGlobals) = postSolution
		SolutionGuid = {C8AED23E-684A-46FC-822D-E9EABD1A723A}
	EndGlobalSection
EndGlobal
