
Microsoft Visual Studio Solution File, Format Version 12.00
# Visual Studio 15
VisualStudioVersion = 15.0.27428.2015
MinimumVisualStudioVersion = 10.0.40219.1
Project("{FAE04EC0-301F-11D3-BF4B-00C04F79EFBC}") = "Ejercicio_23", "Ejercicio_23\Ejercicio_23.csproj", "{BA5343B9-EFB6-40C6-9760-BA85024CDA90}"
EndProject
Project("{FAE04EC0-301F-11D3-BF4B-00C04F79EFBC}") = "Moneda", "Moneda\Moneda.csproj", "{6A246487-525B-4BA4-9794-0C25E245676D}"
EndProject
Global
	GlobalSection(SolutionConfigurationPlatforms) = preSolution
		Debug|Any CPU = Debug|Any CPU
		Release|Any CPU = Release|Any CPU
	EndGlobalSection
	GlobalSection(ProjectConfigurationPlatforms) = postSolution
		{BA5343B9-EFB6-40C6-9760-BA85024CDA90}.Debug|Any CPU.ActiveCfg = Debug|Any CPU
		{BA5343B9-EFB6-40C6-9760-BA85024CDA90}.Debug|Any CPU.Build.0 = Debug|Any CPU
		{BA5343B9-EFB6-40C6-9760-BA85024CDA90}.Release|Any CPU.ActiveCfg = Release|Any CPU
		{BA5343B9-EFB6-40C6-9760-BA85024CDA90}.Release|Any CPU.Build.0 = Release|Any CPU
		{6A246487-525B-4BA4-9794-0C25E245676D}.Debug|Any CPU.ActiveCfg = Debug|Any CPU
		{6A246487-525B-4BA4-9794-0C25E245676D}.Debug|Any CPU.Build.0 = Debug|Any CPU
		{6A246487-525B-4BA4-9794-0C25E245676D}.Release|Any CPU.ActiveCfg = Release|Any CPU
		{6A246487-525B-4BA4-9794-0C25E245676D}.Release|Any CPU.Build.0 = Release|Any CPU
	EndGlobalSection
	GlobalSection(SolutionProperties) = preSolution
		HideSolutionNode = FALSE
	EndGlobalSection
	GlobalSection(ExtensibilityGlobals) = postSolution
		SolutionGuid = {DE43DFB6-DFDC-4DC4-97AB-78BB8717EF11}
	EndGlobalSection
EndGlobal
